
Microsoft Visual Studio Solution File, Format Version 12.00
# Visual Studio 16
Project("{FAE04EC0-301F-11D3-BF4B-00C04F79EFBC}") = "Assembly-CSharp", "Assembly-CSharp.csproj", "{B72842CA-F387-E6E3-1DF3-267107228BB0}"
EndProject
Project("{FAE04EC0-301F-11D3-BF4B-00C04F79EFBC}") = "Assembly-CSharp-Editor", "Assembly-CSharp-Editor.csproj", "{AC67552D-513A-039C-63EC-FC5495B4689D}"
EndProject
Global
	GlobalSection(SolutionConfigurationPlatforms) = preSolution
		Debug|Any CPU = Debug|Any CPU
		Release|Any CPU = Release|Any CPU
	EndGlobalSection
	GlobalSection(ProjectConfigurationPlatforms) = postSolution
		{B72842CA-F387-E6E3-1DF3-267107228BB0}.Debug|Any CPU.ActiveCfg = Debug|Any CPU
		{B72842CA-F387-E6E3-1DF3-267107228BB0}.Debug|Any CPU.Build.0 = Debug|Any CPU
		{B72842CA-F387-E6E3-1DF3-267107228BB0}.Release|Any CPU.ActiveCfg = Release|Any CPU
		{B72842CA-F387-E6E3-1DF3-267107228BB0}.Release|Any CPU.Build.0 = Release|Any CPU
		{AC67552D-513A-039C-63EC-FC5495B4689D}.Debug|Any CPU.ActiveCfg = Debug|Any CPU
		{AC67552D-513A-039C-63EC-FC5495B4689D}.Debug|Any CPU.Build.0 = Debug|Any CPU
		{AC67552D-513A-039C-63EC-FC5495B4689D}.Release|Any CPU.ActiveCfg = Release|Any CPU
		{AC67552D-513A-039C-63EC-FC5495B4689D}.Release|Any CPU.Build.0 = Release|Any CPU
	EndGlobalSection
	GlobalSection(SolutionProperties) = preSolution
		HideSolutionNode = FALSE
	EndGlobalSection
	GlobalSection(MonoDevelopProperties) = preSolution
		StartupItem = Assembly-CSharp.csproj
	EndGlobalSection
EndGlobal
